uuid: aaaec12c-a9e1-4963-b00e-bb544218adac
langcode: en
status: true
dependencies:
  module:
    - hello_world
    - node
  theme:
    - custom
id: helloblock
theme: custom
region: content
weight: null
provider: null
plugin: hello_block
settings:
  id: hello_block
  label: 'Hello block'
  provider: hello_world
  label_display: visible
  name: null
visibility:
  node_type:
    id: node_type
    bundles:
      hello_world: hello_world
    negate: false
    context_mapping:
      node: '@node.node_route_context:node'
